// !$*UTF8*$!
{
	archiveVersion = 1;
	classes = {
	};
	objectVersion = 46;
	objects = {

/* Begin PBXBuildFile section */
		490DF3F81A3DA9B100379EA3 /* main.m in Sources */ = {isa = PBXBuildFile; fileRef = 490DF3F71A3DA9B100379EA3 /* main.m */; };
		490DF3FB1A3DA9B100379EA3 /* AppDelegate.m in Sources */ = {isa = PBXBuildFile; fileRef = 490DF3FA1A3DA9B100379EA3 /* AppDelegate.m */; };
		490DF4011A3DA9B100379EA3 /* Main.storyboard in Resources */ = {isa = PBXBuildFile; fileRef = 490DF3FF1A3DA9B100379EA3 /* Main.storyboard */; };
		490DF4031A3DA9B100379EA3 /* Images.xcassets in Resources */ = {isa = PBXBuildFile; fileRef = 490DF4021A3DA9B100379EA3 /* Images.xcassets */; };
		490DF4061A3DA9B100379EA3 /* LaunchScreen.xib in Resources */ = {isa = PBXBuildFile; fileRef = 490DF4041A3DA9B100379EA3 /* LaunchScreen.xib */; };
		490DF4121A3DA9B100379EA3 /* SaoChatTests.m in Sources */ = {isa = PBXBuildFile; fileRef = 490DF4111A3DA9B100379EA3 /* SaoChatTests.m */; };
		490DF41D1A3DAB1E00379EA3 /* SCJoinViewController.m in Sources */ = {isa = PBXBuildFile; fileRef = 490DF41C1A3DAB1E00379EA3 /* SCJoinViewController.m */; };
		495853411A3F2B71007AF328 /* SCContact.m in Sources */ = {isa = PBXBuildFile; fileRef = 495853401A3F2B71007AF328 /* SCContact.m */; };
		4987B0111A3DD5060050CDC5 /* SCContactsViewController.m in Sources */ = {isa = PBXBuildFile; fileRef = 4987B0101A3DD5060050CDC5 /* SCContactsViewController.m */; };
		5BA688536FFCD7831DD63981 /* libPods.a in Frameworks */ = {isa = PBXBuildFile; fileRef = 9A8C18CAC9E8CC9F74B2A956 /* libPods.a */; };
/* End PBXBuildFile section */

/* Begin PBXContainerItemProxy section */
		490DF40C1A3DA9B100379EA3 /* PBXContainerItemProxy */ = {
			isa = PBXContainerItemProxy;
			containerPortal = 490DF3EA1A3DA9B100379EA3 /* Project object */;
			proxyType = 1;
			remoteGlobalIDString = 490DF3F11A3DA9B100379EA3;
			remoteInfo = SaoChat;
		};
/* End PBXContainerItemProxy section */

/* Begin PBXFileReference section */
		490DF3F21A3DA9B100379EA3 /* SaoChat.app */ = {isa = PBXFileReference; explicitFileType = wrapper.application; includeInIndex = 0; path = SaoChat.app; sourceTree = BUILT_PRODUCTS_DIR; };
		490DF3F61A3DA9B100379EA3 /* Info.plist */ = {isa = PBXFileReference; lastKnownFileType = text.plist.xml; path = Info.plist; sourceTree = "<group>"; };
		490DF3F71A3DA9B100379EA3 /* main.m */ = {isa = PBXFileReference; lastKnownFileType = sourcecode.c.objc; path = main.m; sourceTree = "<group>"; };
		490DF3F91A3DA9B100379EA3 /* AppDelegate.h */ = {isa = PBXFileReference; lastKnownFileType = sourcecode.c.h; path = AppDelegate.h; sourceTree = "<group>"; };
		490DF3FA1A3DA9B100379EA3 /* AppDelegate.m */ = {isa = PBXFileReference; lastKnownFileType = sourcecode.c.objc; path = AppDelegate.m; sourceTree = "<group>"; };
		490DF4001A3DA9B100379EA3 /* Base */ = {isa = PBXFileReference; lastKnownFileType = file.storyboard; name = Base; path = Base.lproj/Main.storyboard; sourceTree = "<group>"; };
		490DF4021A3DA9B100379EA3 /* Images.xcassets */ = {isa = PBXFileReference; lastKnownFileType = folder.assetcatalog; path = Images.xcassets; sourceTree = "<group>"; };
		490DF4051A3DA9B100379EA3 /* Base */ = {isa = PBXFileReference; lastKnownFileType = file.xib; name = Base; path = Base.lproj/LaunchScreen.xib; sourceTree = "<group>"; };
		490DF40B1A3DA9B100379EA3 /* SaoChatTests.xctest */ = {isa = PBXFileReference; explicitFileType = wrapper.cfbundle; includeInIndex = 0; path = SaoChatTests.xctest; sourceTree = BUILT_PRODUCTS_DIR; };
		490DF4101A3DA9B100379EA3 /* Info.plist */ = {isa = PBXFileReference; lastKnownFileType = text.plist.xml; path = Info.plist; sourceTree = "<group>"; };
		490DF4111A3DA9B100379EA3 /* SaoChatTests.m */ = {isa = PBXFileReference; lastKnownFileType = sourcecode.c.objc; path = SaoChatTests.m; sourceTree = "<group>"; };
		490DF41B1A3DAB1E00379EA3 /* SCJoinViewController.h */ = {isa = PBXFileReference; fileEncoding = 4; lastKnownFileType = sourcecode.c.h; path = SCJoinViewController.h; sourceTree = "<group>"; };
		490DF41C1A3DAB1E00379EA3 /* SCJoinViewController.m */ = {isa = PBXFileReference; fileEncoding = 4; lastKnownFileType = sourcecode.c.objc; path = SCJoinViewController.m; sourceTree = "<group>"; };
		4958533F1A3F2B71007AF328 /* SCContact.h */ = {isa = PBXFileReference; fileEncoding = 4; lastKnownFileType = sourcecode.c.h; name = SCContact.h; path = SCModel/SCContact.h; sourceTree = "<group>"; };
		495853401A3F2B71007AF328 /* SCContact.m */ = {isa = PBXFileReference; fileEncoding = 4; lastKnownFileType = sourcecode.c.objc; name = SCContact.m; path = SCModel/SCContact.m; sourceTree = "<group>"; };
		4987B00B1A3DD24D0050CDC5 /* SCHeader.h */ = {isa = PBXFileReference; fileEncoding = 4; lastKnownFileType = sourcecode.c.h; name = SCHeader.h; path = XSMacro/SCHeader.h; sourceTree = "<group>"; };
		4987B00F1A3DD5060050CDC5 /* SCContactsViewController.h */ = {isa = PBXFileReference; fileEncoding = 4; lastKnownFileType = sourcecode.c.h; path = SCContactsViewController.h; sourceTree = "<group>"; };
		4987B0101A3DD5060050CDC5 /* SCContactsViewController.m */ = {isa = PBXFileReference; fileEncoding = 4; lastKnownFileType = sourcecode.c.objc; path = SCContactsViewController.m; sourceTree = "<group>"; };
		57445085F48248623EE11142 /* Pods.release.xcconfig */ = {isa = PBXFileReference; includeInIndex = 1; lastKnownFileType = text.xcconfig; name = Pods.release.xcconfig; path = "Pods/Target Support Files/Pods/Pods.release.xcconfig"; sourceTree = "<group>"; };
		9A8C18CAC9E8CC9F74B2A956 /* libPods.a */ = {isa = PBXFileReference; explicitFileType = archive.ar; includeInIndex = 0; path = libPods.a; sourceTree = BUILT_PRODUCTS_DIR; };
		ECC63E19212D2F5ECC6FCCCE /* Pods.debug.xcconfig */ = {isa = PBXFileReference; includeInIndex = 1; lastKnownFileType = text.xcconfig; name = Pods.debug.xcconfig; path = "Pods/Target Support Files/Pods/Pods.debug.xcconfig"; sourceTree = "<group>"; };
/* End PBXFileReference section */

/* Begin PBXFrameworksBuildPhase section */
		490DF3EF1A3DA9B100379EA3 /* Frameworks */ = {
			isa = PBXFrameworksBuildPhase;
			buildActionMask = 2147483647;
			files = (
				5BA688536FFCD7831DD63981 /* libPods.a in Frameworks */,
			);
			runOnlyForDeploymentPostprocessing = 0;
		};
		490DF4081A3DA9B100379EA3 /* Frameworks */ = {
			isa = PBXFrameworksBuildPhase;
			buildActionMask = 2147483647;
			files = (
			);
			runOnlyForDeploymentPostprocessing = 0;
		};
/* End PBXFrameworksBuildPhase section */

/* Begin PBXGroup section */
		22DABCBA37C711AD8D38D877 /* Frameworks */ = {
			isa = PBXGroup;
			children = (
				9A8C18CAC9E8CC9F74B2A956 /* libPods.a */,
			);
			name = Frameworks;
			sourceTree = "<group>";
		};
		490DF3E91A3DA9B100379EA3 = {
			isa = PBXGroup;
			children = (
				490DF3F41A3DA9B100379EA3 /* SaoChat */,
				490DF40E1A3DA9B100379EA3 /* SaoChatTests */,
				490DF3F31A3DA9B100379EA3 /* Products */,
				B1195234E0D2F2468F672F7C /* Pods */,
				22DABCBA37C711AD8D38D877 /* Frameworks */,
			);
			sourceTree = "<group>";
		};
		490DF3F31A3DA9B100379EA3 /* Products */ = {
			isa = PBXGroup;
			children = (
				490DF3F21A3DA9B100379EA3 /* SaoChat.app */,
				490DF40B1A3DA9B100379EA3 /* SaoChatTests.xctest */,
			);
			name = Products;
			sourceTree = "<group>";
		};
		490DF3F41A3DA9B100379EA3 /* SaoChat */ = {
			isa = PBXGroup;
			children = (
				495853421A3F2B7C007AF328 /* SCModel */,
				4987B00A1A3DD2300050CDC5 /* SCMacro */,
				490DF3F91A3DA9B100379EA3 /* AppDelegate.h */,
				490DF3FA1A3DA9B100379EA3 /* AppDelegate.m */,
				490DF3FF1A3DA9B100379EA3 /* Main.storyboard */,
				490DF4021A3DA9B100379EA3 /* Images.xcassets */,
				490DF4041A3DA9B100379EA3 /* LaunchScreen.xib */,
				490DF3F51A3DA9B100379EA3 /* Supporting Files */,
				490DF41B1A3DAB1E00379EA3 /* SCJoinViewController.h */,
				490DF41C1A3DAB1E00379EA3 /* SCJoinViewController.m */,
				4987B00F1A3DD5060050CDC5 /* SCContactsViewController.h */,
				4987B0101A3DD5060050CDC5 /* SCContactsViewController.m */,
			);
			path = SaoChat;
			sourceTree = "<group>";
		};
		490DF3F51A3DA9B100379EA3 /* Supporting Files */ = {
			isa = PBXGroup;
			children = (
				490DF3F61A3DA9B100379EA3 /* Info.plist */,
				490DF3F71A3DA9B100379EA3 /* main.m */,
			);
			name = "Supporting Files";
			sourceTree = "<group>";
		};
		490DF40E1A3DA9B100379EA3 /* SaoChatTests */ = {
			isa = PBXGroup;
			children = (
				490DF4111A3DA9B100379EA3 /* SaoChatTests.m */,
				490DF40F1A3DA9B100379EA3 /* Supporting Files */,
			);
			path = SaoChatTests;
			sourceTree = "<group>";
		};
		490DF40F1A3DA9B100379EA3 /* Supporting Files */ = {
			isa = PBXGroup;
			children = (
				490DF4101A3DA9B100379EA3 /* Info.plist */,
			);
			name = "Supporting Files";
			sourceTree = "<group>";
		};
		495853421A3F2B7C007AF328 /* SCModel */ = {
			isa = PBXGroup;
			children = (
				4958533F1A3F2B71007AF328 /* SCContact.h */,
				495853401A3F2B71007AF328 /* SCContact.m */,
			);
			name = SCModel;
			sourceTree = "<group>";
		};
		4987B00A1A3DD2300050CDC5 /* SCMacro */ = {
			isa = PBXGroup;
			children = (
				4987B00B1A3DD24D0050CDC5 /* SCHeader.h */,
			);
			name = SCMacro;
			sourceTree = "<group>";
		};
		B1195234E0D2F2468F672F7C /* Pods */ = {
			isa = PBXGroup;
			children = (
				ECC63E19212D2F5ECC6FCCCE /* Pods.debug.xcconfig */,
				57445085F48248623EE11142 /* Pods.release.xcconfig */,
			);
			name = Pods;
			sourceTree = "<group>";
		};
/* End PBXGroup section */

/* Begin PBXNativeTarget section */
		490DF3F11A3DA9B100379EA3 /* SaoChat */ = {
			isa = PBXNativeTarget;
			buildConfigurationList = 490DF4151A3DA9B100379EA3 /* Build configuration list for PBXNativeTarget "SaoChat" */;
			buildPhases = (
				17B30D69F802963908F432B8 /* Check Pods Manifest.lock */,
				490DF3EE1A3DA9B100379EA3 /* Sources */,
				490DF3EF1A3DA9B100379EA3 /* Frameworks */,
				490DF3F01A3DA9B100379EA3 /* Resources */,
				625540C21E93378408A4B0BE /* Copy Pods Resources */,
			);
			buildRules = (
			);
			dependencies = (
			);
			name = SaoChat;
			productName = SaoChat;
			productReference = 490DF3F21A3DA9B100379EA3 /* SaoChat.app */;
			productType = "com.apple.product-type.application";
		};
		490DF40A1A3DA9B100379EA3 /* SaoChatTests */ = {
			isa = PBXNativeTarget;
			buildConfigurationList = 490DF4181A3DA9B100379EA3 /* Build configuration list for PBXNativeTarget "SaoChatTests" */;
			buildPhases = (
				490DF4071A3DA9B100379EA3 /* Sources */,
				490DF4081A3DA9B100379EA3 /* Frameworks */,
				490DF4091A3DA9B100379EA3 /* Resources */,
			);
			buildRules = (
			);
			dependencies = (
				490DF40D1A3DA9B100379EA3 /* PBXTargetDependency */,
			);
			name = SaoChatTests;
			productName = SaoChatTests;
			productReference = 490DF40B1A3DA9B100379EA3 /* SaoChatTests.xctest */;
			productType = "com.apple.product-type.bundle.unit-test";
		};
/* End PBXNativeTarget section */

/* Begin PBXProject section */
		490DF3EA1A3DA9B100379EA3 /* Project object */ = {
			isa = PBXProject;
			attributes = {
				LastUpgradeCheck = 0610;
				ORGANIZATIONNAME = lvjian;
				TargetAttributes = {
					490DF3F11A3DA9B100379EA3 = {
						CreatedOnToolsVersion = 6.1.1;
					};
					490DF40A1A3DA9B100379EA3 = {
						CreatedOnToolsVersion = 6.1.1;
						TestTargetID = 490DF3F11A3DA9B100379EA3;
					};
				};
			};
			buildConfigurationList = 490DF3ED1A3DA9B100379EA3 /* Build configuration list for PBXProject "SaoChat" */;
			compatibilityVersion = "Xcode 3.2";
			developmentRegion = English;
			hasScannedForEncodings = 0;
			knownRegions = (
				en,
				Base,
			);
			mainGroup = 490DF3E91A3DA9B100379EA3;
			productRefGroup = 490DF3F31A3DA9B100379EA3 /* Products */;
			projectDirPath = "";
			projectRoot = "";
			targets = (
				490DF3F11A3DA9B100379EA3 /* SaoChat */,
				490DF40A1A3DA9B100379EA3 /* SaoChatTests */,
			);
		};
/* End PBXProject section */

/* Begin PBXResourcesBuildPhase section */
		490DF3F01A3DA9B100379EA3 /* Resources */ = {
			isa = PBXResourcesBuildPhase;
			buildActionMask = 2147483647;
			files = (
				490DF4011A3DA9B100379EA3 /* Main.storyboard in Resources */,
				490DF4061A3DA9B100379EA3 /* LaunchScreen.xib in Resources */,
				490DF4031A3DA9B100379EA3 /* Images.xcassets in Resources */,
			);
			runOnlyForDeploymentPostprocessing = 0;
		};
		490DF4091A3DA9B100379EA3 /* Resources */ = {
			isa = PBXResourcesBuildPhase;
			buildActionMask = 2147483647;
			files = (
			);
			runOnlyForDeploymentPostprocessing = 0;
		};
/* End PBXResourcesBuildPhase section */

/* Begin PBXShellScriptBuildPhase section */
		17B30D69F802963908F432B8 /* Check Pods Manifest.lock */ = {
			isa = PBXShellScriptBuildPhase;
			buildActionMask = 2147483647;
			files = (
			);
			inputPaths = (
			);
			name = "Check Pods Manifest.lock";
			outputPaths = (
			);
			runOnlyForDeploymentPostprocessing = 0;
			shellPath = /bin/sh;
			shellScript = "diff \"${PODS_ROOT}/../Podfile.lock\" \"${PODS_ROOT}/Manifest.lock\" > /dev/null\nif [[ $? != 0 ]] ; then\n    cat << EOM\nerror: The sandbox is not in sync with the Podfile.lock. Run 'pod install' or update your CocoaPods installation.\nEOM\n    exit 1\nfi\n";
			showEnvVarsInLog = 0;
		};
		625540C21E93378408A4B0BE /* Copy Pods Resources */ = {
			isa = PBXShellScriptBuildPhase;
			buildActionMask = 2147483647;
			files = (
			);
			inputPaths = (
			);
			name = "Copy Pods Resources";
			outputPaths = (
			);
			runOnlyForDeploymentPostprocessing = 0;
			shellPath = /bin/sh;
			shellScript = "\"${SRCROOT}/Pods/Target Support Files/Pods/Pods-resources.sh\"\n";
			showEnvVarsInLog = 0;
		};
/* End PBXShellScriptBuildPhase section */

/* Begin PBXSourcesBuildPhase section */
		490DF3EE1A3DA9B100379EA3 /* Sources */ = {
			isa = PBXSourcesBuildPhase;
			buildActionMask = 2147483647;
			files = (
				490DF3FB1A3DA9B100379EA3 /* AppDelegate.m in Sources */,
				495853411A3F2B71007AF328 /* SCContact.m in Sources */,
				490DF41D1A3DAB1E00379EA3 /* SCJoinViewController.m in Sources */,
				4987B0111A3DD5060050CDC5 /* SCContactsViewController.m in Sources */,
				490DF3F81A3DA9B100379EA3 /* main.m in Sources */,
			);
			runOnlyForDeploymentPostprocessing = 0;
		};
		490DF4071A3DA9B100379EA3 /* Sources */ = {
			isa = PBXSourcesBuildPhase;
			buildActionMask = 2147483647;
			files = (
				490DF4121A3DA9B100379EA3 /* SaoChatTests.m in Sources */,
			);
			runOnlyForDeploymentPostprocessing = 0;
		};
/* End PBXSourcesBuildPhase section */

/* Begin PBXTargetDependency section */
		490DF40D1A3DA9B100379EA3 /* PBXTargetDependency */ = {
			isa = PBXTargetDependency;
			target = 490DF3F11A3DA9B100379EA3 /* SaoChat */;
			targetProxy = 490DF40C1A3DA9B100379EA3 /* PBXContainerItemProxy */;
		};
/* End PBXTargetDependency section */

/* Begin PBXVariantGroup section */
		490DF3FF1A3DA9B100379EA3 /* Main.storyboard */ = {
			isa = PBXVariantGroup;
			children = (
				490DF4001A3DA9B100379EA3 /* Base */,
			);
			name = Main.storyboard;
			sourceTree = "<group>";
		};
		490DF4041A3DA9B100379EA3 /* LaunchScreen.xib */ = {
			isa = PBXVariantGroup;
			children = (
				490DF4051A3DA9B100379EA3 /* Base */,
			);
			name = LaunchScreen.xib;
			sourceTree = "<group>";
		};
/* End PBXVariantGroup section */

/* Begin XCBuildConfiguration section */
		490DF4131A3DA9B100379EA3 /* Debug */ = {
			isa = XCBuildConfiguration;
			buildSettings = {
				ALWAYS_SEARCH_USER_PATHS = NO;
				CLANG_CXX_LANGUAGE_STANDARD = "gnu++0x";
				CLANG_CXX_LIBRARY = "libc++";
				CLANG_ENABLE_MODULES = YES;
				CLANG_ENABLE_OBJC_ARC = YES;
				CLANG_WARN_BOOL_CONVERSION = YES;
				CLANG_WARN_CONSTANT_CONVERSION = YES;
				CLANG_WARN_DIRECT_OBJC_ISA_USAGE = YES_ERROR;
				CLANG_WARN_EMPTY_BODY = YES;
				CLANG_WARN_ENUM_CONVERSION = YES;
				CLANG_WARN_INT_CONVERSION = YES;
				CLANG_WARN_OBJC_ROOT_CLASS = YES_ERROR;
				CLANG_WARN_UNREACHABLE_CODE = YES;
				CLANG_WARN__DUPLICATE_METHOD_MATCH = YES;
				"CODE_SIGN_IDENTITY[sdk=iphoneos*]" = "iPhone Developer";
				COPY_PHASE_STRIP = NO;
				ENABLE_STRICT_OBJC_MSGSEND = YES;
				GCC_C_LANGUAGE_STANDARD = gnu99;
				GCC_DYNAMIC_NO_PIC = NO;
				GCC_OPTIMIZATION_LEVEL = 0;
				GCC_PREPROCESSOR_DEFINITIONS = (
					"DEBUG=1",
					"$(inherited)",
				);
				GCC_SYMBOLS_PRIVATE_EXTERN = NO;
				GCC_WARN_64_TO_32_BIT_CONVERSION = YES;
				GCC_WARN_ABOUT_RETURN_TYPE = YES_ERROR;
				GCC_WARN_UNDECLARED_SELECTOR = YES;
				GCC_WARN_UNINITIALIZED_AUTOS = YES_AGGRESSIVE;
				GCC_WARN_UNUSED_FUNCTION = YES;
				GCC_WARN_UNUSED_VARIABLE = YES;
				IPHONEOS_DEPLOYMENT_TARGET = 8.1;
				MTL_ENABLE_DEBUG_INFO = YES;
				ONLY_ACTIVE_ARCH = YES;
				SDKROOT = iphoneos;
			};
			name = Debug;
		};
		490DF4141A3DA9B100379EA3 /* Release */ = {
			isa = XCBuildConfiguration;
			buildSettings = {
				ALWAYS_SEARCH_USER_PATHS = NO;
				CLANG_CXX_LANGUAGE_STANDARD = "gnu++0x";
				CLANG_CXX_LIBRARY = "libc++";
				CLANG_ENABLE_MODULES = YES;
				CLANG_ENABLE_OBJC_ARC = YES;
				CLANG_WARN_BOOL_CONVERSION = YES;
				CLANG_WARN_CONSTANT_CONVERSION = YES;
				CLANG_WARN_DIRECT_OBJC_ISA_USAGE = YES_ERROR;
				CLANG_WARN_EMPTY_BODY = YES;
				CLANG_WARN_ENUM_CONVERSION = YES;
				CLANG_WARN_INT_CONVERSION = YES;
				CLANG_WARN_OBJC_ROOT_CLASS = YES_ERROR;
				CLANG_WARN_UNREACHABLE_CODE = YES;
				CLANG_WARN__DUPLICATE_METHOD_MATCH = YES;
				"CODE_SIGN_IDENTITY[sdk=iphoneos*]" = "iPhone Developer";
				COPY_PHASE_STRIP = YES;
				ENABLE_NS_ASSERTIONS = NO;
				ENABLE_STRICT_OBJC_MSGSEND = YES;
				GCC_C_LANGUAGE_STANDARD = gnu99;
				GCC_WARN_64_TO_32_BIT_CONVERSION = YES;
				GCC_WARN_ABOUT_RETURN_TYPE = YES_ERROR;
				GCC_WARN_UNDECLARED_SELECTOR = YES;
				GCC_WARN_UNINITIALIZED_AUTOS = YES_AGGRESSIVE;
				GCC_WARN_UNUSED_FUNCTION = YES;
				GCC_WARN_UNUSED_VARIABLE = YES;
				IPHONEOS_DEPLOYMENT_TARGET = 8.1;
				MTL_ENABLE_DEBUG_INFO = NO;
				SDKROOT = iphoneos;
				VALIDATE_PRODUCT = YES;
			};
			name = Release;
		};
		490DF4161A3DA9B100379EA3 /* Debug */ = {
			isa = XCBuildConfiguration;
			baseConfigurationReference = ECC63E19212D2F5ECC6FCCCE /* Pods.debug.xcconfig */;
			buildSettings = {
				ASSETCATALOG_COMPILER_APPICON_NAME = AppIcon;
				INFOPLIST_FILE = SaoChat/Info.plist;
				LD_RUNPATH_SEARCH_PATHS = "$(inherited) @executable_path/Frameworks";
				PRODUCT_NAME = "$(TARGET_NAME)";
				USER_HEADER_SEARCH_PATHS = "\"${PROJECT_DIR}/Pods\"/**";
			};
			name = Debug;
		};
		490DF4171A3DA9B100379EA3 /* Release */ = {
			isa = XCBuildConfiguration;
			baseConfigurationReference = 57445085F48248623EE11142 /* Pods.release.xcconfig */;
			buildSettings = {
				ASSETCATALOG_COMPILER_APPICON_NAME = AppIcon;
				INFOPLIST_FILE = SaoChat/Info.plist;
				LD_RUNPATH_SEARCH_PATHS = "$(inherited) @executable_path/Frameworks";
				PRODUCT_NAME = "$(TARGET_NAME)";
				USER_HEADER_SEARCH_PATHS = "\"${PROJECT_DIR}/Pods\"/**";
			};
			name = Release;
		};
		490DF4191A3DA9B100379EA3 /* Debug */ = {
			isa = XCBuildConfiguration;
			buildSettings = {
				BUNDLE_LOADER = "$(TEST_HOST)";
				FRAMEWORK_SEARCH_PATHS = (
					"$(SDKROOT)/Developer/Library/Frameworks",
					"$(inherited)",
				);
				GCC_PREPROCESSOR_DEFINITIONS = (
					"DEBUG=1",
					"$(inherited)",
				);
				INFOPLIST_FILE = SaoChatTests/Info.plist;
				LD_RUNPATH_SEARCH_PATHS = "$(inherited) @executable_path/Frameworks @loader_path/Frameworks";
				PRODUCT_NAME = "$(TARGET_NAME)";
				TEST_HOST = "$(BUILT_PRODUCTS_DIR)/SaoChat.app/SaoChat";
			};
			name = Debug;
		};
		490DF41A1A3DA9B100379EA3 /* Release */ = {
			isa = XCBuildConfiguration;
			buildSettings = {
				BUNDLE_LOADER = "$(TEST_HOST)";
				FRAMEWORK_SEARCH_PATHS = (
					"$(SDKROOT)/Developer/Library/Frameworks",
					"$(inherited)",
				);
				INFOPLIST_FILE = SaoChatTests/Info.plist;
				LD_RUNPATH_SEARCH_PATHS = "$(inherited) @executable_path/Frameworks @loader_path/Frameworks";
				PRODUCT_NAME = "$(TARGET_NAME)";
				TEST_HOST = "$(BUILT_PRODUCTS_DIR)/SaoChat.app/SaoChat";
			};
			name = Release;
		};
/* End XCBuildConfiguration section */

/* Begin XCConfigurationList section */
		490DF3ED1A3DA9B100379EA3 /* Build configuration list for PBXProject "SaoChat" */ = {
			isa = XCConfigurationList;
			buildConfigurations = (
				490DF4131A3DA9B100379EA3 /* Debug */,
				490DF4141A3DA9B100379EA3 /* Release */,
			);
			defaultConfigurationIsVisible = 0;
			defaultConfigurationName = Release;
		};
		490DF4151A3DA9B100379EA3 /* Build configuration list for PBXNativeTarget "SaoChat" */ = {
			isa = XCConfigurationList;
			buildConfigurations = (
				490DF4161A3DA9B100379EA3 /* Debug */,
				490DF4171A3DA9B100379EA3 /* Release */,
			);
			defaultConfigurationIsVisible = 0;
			defaultConfigurationName = Release;
		};
		490DF4181A3DA9B100379EA3 /* Build configuration list for PBXNativeTarget "SaoChatTests" */ = {
			isa = XCConfigurationList;
			buildConfigurations = (
				490DF4191A3DA9B100379EA3 /* Debug */,
				490DF41A1A3DA9B100379EA3 /* Release */,
			);
			defaultConfigurationIsVisible = 0;
			defaultConfigurationName = Release;
		};
/* End XCConfigurationList section */
	};
	rootObject = 490DF3EA1A3DA9B100379EA3 /* Project object */;
}
